{
  "name": "simpleclaude",
  "version": "0.2.1",
  "lockfileVersion": 3,
  "requires": true,
  "packages": {
    "": {
      "name": "simpleclaude",
      "version": "0.2.1",
      "devDependencies": {
        "jiti": "^2.4.2",
        "token-limit": "^1.0.0"
      }
    },
    "node_modules/@anthropic-ai/tokenizer": {
      "version": "0.0.4",
      "resolved": "https://registry.npmjs.org/@anthropic-ai/tokenizer/-/tokenizer-0.0.4.tgz",
      "integrity": "sha512-EHRKbxlxlc8W4KCBEseByJ7YwyYCmgu9OyN59H9+IYIGPoKv8tXyQXinkeGDI+cI8Tiuz9wk2jZb/kK7AyvL7g==",
      "dev": true,
      "license": "Apache-2.0",
      "dependencies": {
        "@types/node": "^18.11.18",
        "tiktoken": "^1.0.10"
      }
    },
    "node_modules/@types/node": {
      "version": "18.19.119",
      "resolved": "https://registry.npmjs.org/@types/node/-/node-18.19.119.tgz",
      "integrity": "sha512-d0F6m9itIPaKnrvEMlzE48UjwZaAnFW7Jwibacw9MNdqadjKNpUm9tfJYDwmShJmgqcoqYUX3EMKO1+RWiuuNg==",
      "dev": true,
      "license": "MIT",
      "dependencies": {
        "undici-types": "~5.26.4"
      }
    },
    "node_modules/cac": {
      "version": "6.7.14",
      "resolved": "https://registry.npmjs.org/cac/-/cac-6.7.14.tgz",
      "integrity": "sha512-b6Ilus+c3RrdDk+JhLKUAQfzzgLEPy6wcXqS7f/xe1EETvsDP6GORG7SFuOs6cID5YkqchW/LXZbX5bc8j7ZcQ==",
      "dev": true,
      "license": "MIT",
      "engines": {
        "node": ">=8"
      }
    },
    "node_modules/fdir": {
      "version": "6.4.6",
      "resolved": "https://registry.npmjs.org/fdir/-/fdir-6.4.6.tgz",
      "integrity": "sha512-hiFoqpyZcfNm1yc4u8oWCf9A2c4D3QjCrks3zmoVKVxpQRzmPNar1hUJcBG2RQHvEVGDN+Jm81ZheVLAQMK6+w==",
      "dev": true,
      "license": "MIT",
      "peerDependencies": {
        "picomatch": "^3 || ^4"
      },
      "peerDependenciesMeta": {
        "picomatch": {
          "optional": true
        }
      }
    },
    "node_modules/jiti": {
      "version": "2.4.2",
      "resolved": "https://registry.npmjs.org/jiti/-/jiti-2.4.2.tgz",
      "integrity": "sha512-rg9zJN+G4n2nfJl5MW3BMygZX56zKPNVEYYqq7adpmMh4Jn2QNEwhvQlFy6jPVdcod7txZtKHWnyZiA3a0zP7A==",
      "dev": true,
      "license": "MIT",
      "bin": {
        "jiti": "lib/jiti-cli.mjs"
      }
    },
    "node_modules/lilconfig": {
      "version": "3.1.3",
      "resolved": "https://registry.npmjs.org/lilconfig/-/lilconfig-3.1.3.tgz",
      "integrity": "sha512-/vlFKAoH5Cgt3Ie+JLhRbwOsCQePABiU3tJ1egGvyQ+33R/vcwM2Zl2QR/LzjsBeItPt3oSVXapn+m4nQDvpzw==",
      "dev": true,
      "license": "MIT",
      "engines": {
        "node": ">=14"
      },
      "funding": {
        "url": "https://github.com/sponsors/antonk52"
      }
    },
    "node_modules/picocolors": {
      "version": "1.1.1",
      "resolved": "https://registry.npmjs.org/picocolors/-/picocolors-1.1.1.tgz",
      "integrity": "sha512-xceH2snhtb5M9liqDsmEw56le376mTZkEX/jEb/RxNFyegNul7eNslCXP9FDj/Lcu0X8KEyMceP2ntpaHrDEVA==",
      "dev": true,
      "license": "ISC"
    },
    "node_modules/picomatch": {
      "version": "4.0.3",
      "resolved": "https://registry.npmjs.org/picomatch/-/picomatch-4.0.3.tgz",
      "integrity": "sha512-5gTmgEY/sqK6gFXLIsQNH19lWb4ebPDLA4SdLP7dsWkIXHWlG66oPuVvXSGFPppYZz8ZDZq0dYYrbHfBCVUb1Q==",
      "dev": true,
      "license": "MIT",
      "engines": {
        "node": ">=12"
      },
      "funding": {
        "url": "https://github.com/sponsors/jonschlinkert"
      }
    },
    "node_modules/tiktoken": {
      "version": "1.0.21",
      "resolved": "https://registry.npmjs.org/tiktoken/-/tiktoken-1.0.21.tgz",
      "integrity": "sha512-/kqtlepLMptX0OgbYD9aMYbM7EFrMZCL7EoHM8Psmg2FuhXoo/bH64KqOiZGGwa6oS9TPdSEDKBnV2LuB8+5vQ==",
      "dev": true,
      "license": "MIT"
    },
    "node_modules/tinyglobby": {
      "version": "0.2.14",
      "resolved": "https://registry.npmjs.org/tinyglobby/-/tinyglobby-0.2.14.tgz",
      "integrity": "sha512-tX5e7OM1HnYr2+a2C/4V0htOcSQcoSTH9KgJnVvNm5zm/cyEWKJ7j7YutsH9CxMdtOkkLFy2AHrMci9IM8IPZQ==",
      "dev": true,
      "license": "MIT",
      "dependencies": {
        "fdir": "^6.4.4",
        "picomatch": "^4.0.2"
      },
      "engines": {
        "node": ">=12.0.0"
      },
      "funding": {
        "url": "https://github.com/sponsors/SuperchupuDev"
      }
    },
    "node_modules/token-limit": {
      "version": "1.0.0",
      "resolved": "https://registry.npmjs.org/token-limit/-/token-limit-1.0.0.tgz",
      "integrity": "sha512-cKLeFkRFgzQXeUqGmkIfnpNQJobNfPh4cNqnI9Lm5FcYBpA7ytSeIRY4O9QYtU7qkcjShi2I/Hg1dRqrN93fIw==",
      "dev": true,
      "license": "MIT",
      "dependencies": {
        "@anthropic-ai/tokenizer": "^0.0.4",
        "cac": "^6.7.14",
        "lilconfig": "^3.1.3",
        "picocolors": "^1.1.1",
        "tiktoken": "^1.0.21",
        "tinyglobby": "^0.2.14"
      },
      "bin": {
        "token-limit": "bin/token-limit.js"
      },
      "engines": {
        "node": ">=18.0.0"
      },
      "peerDependencies": {
        "jiti": "^2.4.2"
      },
      "peerDependenciesMeta": {
        "jiti": {
          "optional": true
        }
      }
    },
    "node_modules/undici-types": {
      "version": "5.26.5",
      "resolved": "https://registry.npmjs.org/undici-types/-/undici-types-5.26.5.tgz",
      "integrity": "sha512-JlCMO+ehdEIKqlFxk6IfVoAUVmgz7cU7zD/h9XZ0qzeosSHmUJVOzSQvvYSYWXkFXC+IfLKSIffhv0sVZup6pA==",
      "dev": true,
      "license": "MIT"
    }
  }
}
